
Microsoft Visual Studio Solution File, Format Version 11.00
# Visual Studio 2010
Project("{FAE04EC0-301F-11D3-BF4B-00C04F79EFBC}") = "vs-tool.Build.CPPTasks.vs2010", "..\Source\vs-tool.Build.CPPTasks\vs-tool.Build.CPPTasks.vs2010.csproj", "{1C222A87-6E30-42F3-8875-D030CEA12178}"
EndProject
Project("{8BC9CEB8-8B4A-11D0-8D11-00A0C91BC942}") = "simple.vs2010", "..\Samples\simple\simple.vs2010.vcxproj", "{8B67BFA0-224F-45EA-9CA8-2AD48186FD47}"
EndProject
Global
	GlobalSection(SolutionConfigurationPlatforms) = preSolution
		Debug|Emscripten = Debug|Emscripten
		Debug|x86 = Debug|x86
		Release|Emscripten = Release|Emscripten
		Release|x86 = Release|x86
	EndGlobalSection
	GlobalSection(ProjectConfigurationPlatforms) = postSolution
		{1C222A87-6E30-42F3-8875-D030CEA12178}.Debug|Emscripten.ActiveCfg = Debug|Any CPU
		{1C222A87-6E30-42F3-8875-D030CEA12178}.Debug|x86.ActiveCfg = Debug|Any CPU
		{1C222A87-6E30-42F3-8875-D030CEA12178}.Debug|x86.Build.0 = Debug|Any CPU
		{1C222A87-6E30-42F3-8875-D030CEA12178}.Release|Emscripten.ActiveCfg = Release|Any CPU
		{1C222A87-6E30-42F3-8875-D030CEA12178}.Release|x86.ActiveCfg = Release|Any CPU
		{1C222A87-6E30-42F3-8875-D030CEA12178}.Release|x86.Build.0 = Release|Any CPU
		{8B67BFA0-224F-45EA-9CA8-2AD48186FD47}.Debug|Emscripten.ActiveCfg = Debug|Emscripten
		{8B67BFA0-224F-45EA-9CA8-2AD48186FD47}.Debug|Emscripten.Build.0 = Debug|Emscripten
		{8B67BFA0-224F-45EA-9CA8-2AD48186FD47}.Debug|x86.ActiveCfg = Debug|Win32
		{8B67BFA0-224F-45EA-9CA8-2AD48186FD47}.Debug|x86.Build.0 = Debug|Win32
		{8B67BFA0-224F-45EA-9CA8-2AD48186FD47}.Release|Emscripten.ActiveCfg = Release|Emscripten
		{8B67BFA0-224F-45EA-9CA8-2AD48186FD47}.Release|Emscripten.Build.0 = Release|Emscripten
		{8B67BFA0-224F-45EA-9CA8-2AD48186FD47}.Release|x86.ActiveCfg = Release|Win32
		{8B67BFA0-224F-45EA-9CA8-2AD48186FD47}.Release|x86.Build.0 = Release|Win32
	EndGlobalSection
	GlobalSection(SolutionProperties) = preSolution
		HideSolutionNode = FALSE
	EndGlobalSection
EndGlobal
